{
  "name": "@ynetlabo/ui-labo",
  "lockfileVersion": 3,
  "requires": true,
  "packages": {
    "": {
      "name": "@ynetlabo/ui-labo",
      "license": "MIT",
      "workspaces": [
        "packages/*",
        "apps/*"
      ],
      "engines": {
        "node": ">=20"
      }
    },
    "node_modules/@ynetlabo/ui-data": {
      "resolved": "packages/data",
      "link": true
    },
    "packages/data": {
      "name": "@ynetlabo/ui-data",
      "version": "0.0.0",
      "license": "MIT"
    }
  }
}
